// !$*UTF8*$!
{
	archiveVersion = 1;
	classes = {
	};
	objectVersion = 70;
	objects = {

/* Begin PBXBuildFile section */
		A1000001 /* HwatgimApp.swift in Sources */ = {isa = PBXBuildFile; fileRef = A2000001 /* HwatgimApp.swift */; };
		A1000002 /* ContentView.swift in Sources */ = {isa = PBXBuildFile; fileRef = A2000002 /* ContentView.swift */; };
		A1000003 /* Item.swift in Sources */ = {isa = PBXBuildFile; fileRef = A2000003 /* Item.swift */; };
		A1000004 /* Assets.xcassets in Resources */ = {isa = PBXBuildFile; fileRef = A2000004 /* Assets.xcassets */; };
		A1000005 /* Preview Assets.xcassets in Resources */ = {isa = PBXBuildFile; fileRef = A2000005 /* Preview Assets.xcassets */; };
		A1000006 /* BreathingView.swift in Sources */ = {isa = PBXBuildFile; fileRef = A2000006 /* BreathingView.swift */; };
		A1000007 /* LogView.swift in Sources */ = {isa = PBXBuildFile; fileRef = A2000007 /* LogView.swift */; };
		A1000008 /* SettingsView.swift in Sources */ = {isa = PBXBuildFile; fileRef = A2000008 /* SettingsView.swift */; };
		A1000009 /* HakgyoansimDunggeunmisoOTF-B.otf in Resources */ = {isa = PBXBuildFile; fileRef = A2000009 /* HakgyoansimDunggeunmisoOTF-B.otf */; };
		A100000A /* HakgyoansimDunggeunmisoOTF-R.otf in Resources */ = {isa = PBXBuildFile; fileRef = A200000A /* HakgyoansimDunggeunmisoOTF-R.otf */; };
		A100000B /* RecordView.swift in Sources */ = {isa = PBXBuildFile; fileRef = A200000B /* RecordView.swift */; };
		A100000C /* quotes.json in Resources */ = {isa = PBXBuildFile; fileRef = A200000C /* quotes.json */; };
		A100000D /* QuoteService.swift in Sources */ = {isa = PBXBuildFile; fileRef = A200000D /* QuoteService.swift */; };
		A100000E /* LogDetailView.swift in Sources */ = {isa = PBXBuildFile; fileRef = A200000E /* LogDetailView.swift */; };
		A100000F /* BambooForestView.swift in Sources */ = {isa = PBXBuildFile; fileRef = A200000F /* BambooForestView.swift */; };
		A1000010 /* ReportView.swift in Sources */ = {isa = PBXBuildFile; fileRef = A2000011 /* ReportView.swift */; };
		A14E0DE22F4D7827004C60DE /* HwatgimWatch Watch App.app in Embed Watch Content */ = {isa = PBXBuildFile; fileRef = A14E0DC22F4D7825004C60DE /* HwatgimWatch Watch App.app */; settings = {ATTRIBUTES = (RemoveHeadersOnCopy, ); }; };
		B1000001 /* WidgetKit.framework in Frameworks */ = {isa = PBXBuildFile; fileRef = B2000001 /* WidgetKit.framework */; };
		B1000002 /* SwiftUI.framework in Frameworks */ = {isa = PBXBuildFile; fileRef = B2000002 /* SwiftUI.framework */; };
		B1000003 /* HwatgimWidget.swift in Sources */ = {isa = PBXBuildFile; fileRef = B2000003 /* HwatgimWidget.swift */; };
		B1000004 /* HwatgimWidgetBundle.swift in Sources */ = {isa = PBXBuildFile; fileRef = B2000004 /* HwatgimWidgetBundle.swift */; };
		B1000005 /* Assets.xcassets in Resources */ = {isa = PBXBuildFile; fileRef = A2000004 /* Assets.xcassets */; };
		B1000006 /* HwatgimWidgetExtension.appex in Embed Foundation Extensions */ = {isa = PBXBuildFile; fileRef = B2000005 /* HwatgimWidgetExtension.appex */; settings = {ATTRIBUTES = (RemoveHeadersOnCopy, ); }; };
		C1000001 /* ReportData.swift in Sources */ = {isa = PBXBuildFile; fileRef = C2000001 /* ReportData.swift */; };
		C1000002 /* EmotionAnalyzer.swift in Sources */ = {isa = PBXBuildFile; fileRef = C2000002 /* EmotionAnalyzer.swift */; };
		C1000003 /* SentimentAnalyzer.swift in Sources */ = {isa = PBXBuildFile; fileRef = C2000003 /* SentimentAnalyzer.swift */; };
		C1000004 /* EmotionTipsProvider.swift in Sources */ = {isa = PBXBuildFile; fileRef = C2000004 /* EmotionTipsProvider.swift */; };
		C1000005 /* ReportService.swift in Sources */ = {isa = PBXBuildFile; fileRef = C2000005 /* ReportService.swift */; };
		C1000006 /* RuleBasedReportService.swift in Sources */ = {isa = PBXBuildFile; fileRef = C2000006 /* RuleBasedReportService.swift */; };
		C1000007 /* FoundationModelReportService.swift in Sources */ = {isa = PBXBuildFile; fileRef = C2000007 /* FoundationModelReportService.swift */; };
		C1000008 /* PaywallGate.swift in Sources */ = {isa = PBXBuildFile; fileRef = C2000008 /* PaywallGate.swift */; };
		C1000009 /* ReportPeriodPicker.swift in Sources */ = {isa = PBXBuildFile; fileRef = C2000009 /* ReportPeriodPicker.swift */; };
		C100000A /* ReportEmptyStateView.swift in Sources */ = {isa = PBXBuildFile; fileRef = C200000A /* ReportEmptyStateView.swift */; };
		C100000B /* ReportLoadingView.swift in Sources */ = {isa = PBXBuildFile; fileRef = C200000B /* ReportLoadingView.swift */; };
		C100000C /* ReportUpsellBanner.swift in Sources */ = {isa = PBXBuildFile; fileRef = C200000C /* ReportUpsellBanner.swift */; };
		C100000D /* EmotionPatternCard.swift in Sources */ = {isa = PBXBuildFile; fileRef = C200000D /* EmotionPatternCard.swift */; };
		C100000E /* InsightCard.swift in Sources */ = {isa = PBXBuildFile; fileRef = C200000E /* InsightCard.swift */; };
		C100000F /* EmotionTipsCard.swift in Sources */ = {isa = PBXBuildFile; fileRef = C200000F /* EmotionTipsCard.swift */; };
/* End PBXBuildFile section */

/* Begin PBXContainerItemProxy section */
		A14E0DCF2F4D7827004C60DE /* PBXContainerItemProxy */ = {
			isa = PBXContainerItemProxy;
			containerPortal = A8000001 /* Project object */;
			proxyType = 1;
			remoteGlobalIDString = A14E0DC12F4D7825004C60DE;
			remoteInfo = "HwatgimWatch Watch App";
		};
		A14E0DD92F4D7827004C60DE /* PBXContainerItemProxy */ = {
			isa = PBXContainerItemProxy;
			containerPortal = A8000001 /* Project object */;
			proxyType = 1;
			remoteGlobalIDString = A14E0DC12F4D7825004C60DE;
			remoteInfo = "HwatgimWatch Watch App";
		};
		A14E0DE02F4D7827004C60DE /* PBXContainerItemProxy */ = {
			isa = PBXContainerItemProxy;
			containerPortal = A8000001 /* Project object */;
			proxyType = 1;
			remoteGlobalIDString = A14E0DC12F4D7825004C60DE;
			remoteInfo = "HwatgimWatch Watch App";
		};
		B3000001 /* PBXContainerItemProxy */ = {
			isa = PBXContainerItemProxy;
			containerPortal = A8000001 /* Project object */;
			proxyType = 1;
			remoteGlobalIDString = B5000001;
			remoteInfo = HwatgimWidgetExtension;
		};
/* End PBXContainerItemProxy section */

/* Begin PBXCopyFilesBuildPhase section */
		A14E0DE32F4D7827004C60DE /* Embed Watch Content */ = {
			isa = PBXCopyFilesBuildPhase;
			buildActionMask = 2147483647;
			dstPath = "$(CONTENTS_FOLDER_PATH)/Watch";
			dstSubfolderSpec = 16;
			files = (
				A14E0DE22F4D7827004C60DE /* HwatgimWatch Watch App.app in Embed Watch Content */,
			);
			name = "Embed Watch Content";
			runOnlyForDeploymentPostprocessing = 0;
		};
		B4000001 /* Embed Foundation Extensions */ = {
			isa = PBXCopyFilesBuildPhase;
			buildActionMask = 2147483647;
			dstPath = "";
			dstSubfolderSpec = 13;
			files = (
				B1000006 /* HwatgimWidgetExtension.appex in Embed Foundation Extensions */,
			);
			name = "Embed Foundation Extensions";
			runOnlyForDeploymentPostprocessing = 0;
		};
/* End PBXCopyFilesBuildPhase section */

/* Begin PBXFileReference section */
		A14E0DC22F4D7825004C60DE /* HwatgimWatch Watch App.app */ = {isa = PBXFileReference; explicitFileType = wrapper.application; includeInIndex = 0; path = "HwatgimWatch Watch App.app"; sourceTree = BUILT_PRODUCTS_DIR; };
		A14E0DCE2F4D7827004C60DE /* HwatgimWatch Watch AppTests.xctest */ = {isa = PBXFileReference; explicitFileType = wrapper.cfbundle; includeInIndex = 0; path = "HwatgimWatch Watch AppTests.xctest"; sourceTree = BUILT_PRODUCTS_DIR; };
		A14E0DD82F4D7827004C60DE /* HwatgimWatch Watch AppUITests.xctest */ = {isa = PBXFileReference; explicitFileType = wrapper.cfbundle; includeInIndex = 0; path = "HwatgimWatch Watch AppUITests.xctest"; sourceTree = BUILT_PRODUCTS_DIR; };
		A2000001 /* HwatgimApp.swift */ = {isa = PBXFileReference; lastKnownFileType = sourcecode.swift; path = HwatgimApp.swift; sourceTree = "<group>"; };
		A2000002 /* ContentView.swift */ = {isa = PBXFileReference; lastKnownFileType = sourcecode.swift; path = ContentView.swift; sourceTree = "<group>"; };
		A2000003 /* Item.swift */ = {isa = PBXFileReference; lastKnownFileType = sourcecode.swift; path = Item.swift; sourceTree = "<group>"; };
		A2000004 /* Assets.xcassets */ = {isa = PBXFileReference; lastKnownFileType = folder.assetcatalog; path = Assets.xcassets; sourceTree = "<group>"; };
		A2000005 /* Preview Assets.xcassets */ = {isa = PBXFileReference; lastKnownFileType = folder.assetcatalog; path = "Preview Assets.xcassets"; sourceTree = "<group>"; };
		A2000006 /* BreathingView.swift */ = {isa = PBXFileReference; lastKnownFileType = sourcecode.swift; path = BreathingView.swift; sourceTree = "<group>"; };
		A2000007 /* LogView.swift */ = {isa = PBXFileReference; lastKnownFileType = sourcecode.swift; path = LogView.swift; sourceTree = "<group>"; };
		A2000008 /* SettingsView.swift */ = {isa = PBXFileReference; lastKnownFileType = sourcecode.swift; path = SettingsView.swift; sourceTree = "<group>"; };
		A2000009 /* HakgyoansimDunggeunmisoOTF-B.otf */ = {isa = PBXFileReference; lastKnownFileType = file; path = "HakgyoansimDunggeunmisoOTF-B.otf"; sourceTree = "<group>"; };
		A200000A /* HakgyoansimDunggeunmisoOTF-R.otf */ = {isa = PBXFileReference; lastKnownFileType = file; path = "HakgyoansimDunggeunmisoOTF-R.otf"; sourceTree = "<group>"; };
		A200000B /* RecordView.swift */ = {isa = PBXFileReference; lastKnownFileType = sourcecode.swift; path = RecordView.swift; sourceTree = "<group>"; };
		A200000C /* quotes.json */ = {isa = PBXFileReference; lastKnownFileType = text.json; path = quotes.json; sourceTree = "<group>"; };
		A200000D /* QuoteService.swift */ = {isa = PBXFileReference; lastKnownFileType = sourcecode.swift; path = QuoteService.swift; sourceTree = "<group>"; };
		A200000E /* LogDetailView.swift */ = {isa = PBXFileReference; lastKnownFileType = sourcecode.swift; path = LogDetailView.swift; sourceTree = "<group>"; };
		A200000F /* BambooForestView.swift */ = {isa = PBXFileReference; lastKnownFileType = sourcecode.swift; path = BambooForestView.swift; sourceTree = "<group>"; };
		A2000010 /* Hwatgim.app */ = {isa = PBXFileReference; explicitFileType = wrapper.application; includeInIndex = 0; path = Hwatgim.app; sourceTree = BUILT_PRODUCTS_DIR; };
		A2000011 /* ReportView.swift */ = {isa = PBXFileReference; lastKnownFileType = sourcecode.swift; path = ReportView.swift; sourceTree = "<group>"; };
		B2000001 /* WidgetKit.framework */ = {isa = PBXFileReference; lastKnownFileType = wrapper.framework; name = WidgetKit.framework; path = System/Library/Frameworks/WidgetKit.framework; sourceTree = SDKROOT; };
		B2000002 /* SwiftUI.framework */ = {isa = PBXFileReference; lastKnownFileType = wrapper.framework; name = SwiftUI.framework; path = System/Library/Frameworks/SwiftUI.framework; sourceTree = SDKROOT; };
		B2000003 /* HwatgimWidget.swift */ = {isa = PBXFileReference; lastKnownFileType = sourcecode.swift; path = HwatgimWidget.swift; sourceTree = "<group>"; };
		B2000004 /* HwatgimWidgetBundle.swift */ = {isa = PBXFileReference; lastKnownFileType = sourcecode.swift; path = HwatgimWidgetBundle.swift; sourceTree = "<group>"; };
		B2000005 /* HwatgimWidgetExtension.appex */ = {isa = PBXFileReference; explicitFileType = "wrapper.app-extension"; includeInIndex = 0; path = HwatgimWidgetExtension.appex; sourceTree = BUILT_PRODUCTS_DIR; };
		C2000001 /* ReportData.swift */ = {isa = PBXFileReference; lastKnownFileType = sourcecode.swift; path = ReportData.swift; sourceTree = "<group>"; };
		C2000002 /* EmotionAnalyzer.swift */ = {isa = PBXFileReference; lastKnownFileType = sourcecode.swift; path = EmotionAnalyzer.swift; sourceTree = "<group>"; };
		C2000003 /* SentimentAnalyzer.swift */ = {isa = PBXFileReference; lastKnownFileType = sourcecode.swift; path = SentimentAnalyzer.swift; sourceTree = "<group>"; };
		C2000004 /* EmotionTipsProvider.swift */ = {isa = PBXFileReference; lastKnownFileType = sourcecode.swift; path = EmotionTipsProvider.swift; sourceTree = "<group>"; };
		C2000005 /* ReportService.swift */ = {isa = PBXFileReference; lastKnownFileType = sourcecode.swift; path = ReportService.swift; sourceTree = "<group>"; };
		C2000006 /* RuleBasedReportService.swift */ = {isa = PBXFileReference; lastKnownFileType = sourcecode.swift; path = RuleBasedReportService.swift; sourceTree = "<group>"; };
		C2000007 /* FoundationModelReportService.swift */ = {isa = PBXFileReference; lastKnownFileType = sourcecode.swift; path = FoundationModelReportService.swift; sourceTree = "<group>"; };
		C2000008 /* PaywallGate.swift */ = {isa = PBXFileReference; lastKnownFileType = sourcecode.swift; path = PaywallGate.swift; sourceTree = "<group>"; };
		C2000009 /* ReportPeriodPicker.swift */ = {isa = PBXFileReference; lastKnownFileType = sourcecode.swift; path = ReportPeriodPicker.swift; sourceTree = "<group>"; };
		C200000A /* ReportEmptyStateView.swift */ = {isa = PBXFileReference; lastKnownFileType = sourcecode.swift; path = ReportEmptyStateView.swift; sourceTree = "<group>"; };
		C200000B /* ReportLoadingView.swift */ = {isa = PBXFileReference; lastKnownFileType = sourcecode.swift; path = ReportLoadingView.swift; sourceTree = "<group>"; };
		C200000C /* ReportUpsellBanner.swift */ = {isa = PBXFileReference; lastKnownFileType = sourcecode.swift; path = ReportUpsellBanner.swift; sourceTree = "<group>"; };
		C200000D /* EmotionPatternCard.swift */ = {isa = PBXFileReference; lastKnownFileType = sourcecode.swift; path = EmotionPatternCard.swift; sourceTree = "<group>"; };
		C200000E /* InsightCard.swift */ = {isa = PBXFileReference; lastKnownFileType = sourcecode.swift; path = InsightCard.swift; sourceTree = "<group>"; };
		C200000F /* EmotionTipsCard.swift */ = {isa = PBXFileReference; lastKnownFileType = sourcecode.swift; path = EmotionTipsCard.swift; sourceTree = "<group>"; };
/* End PBXFileReference section */

/* Begin PBXFileSystemSynchronizedRootGroup section */
		A14E0DC32F4D7825004C60DE /* HwatgimWatch Watch App */ = {isa = PBXFileSystemSynchronizedRootGroup; explicitFileTypes = {}; explicitFolders = (); path = "HwatgimWatch Watch App"; sourceTree = "<group>"; };
		A14E0DD12F4D7827004C60DE /* HwatgimWatch Watch AppTests */ = {isa = PBXFileSystemSynchronizedRootGroup; explicitFileTypes = {}; explicitFolders = (); path = "HwatgimWatch Watch AppTests"; sourceTree = "<group>"; };
		A14E0DDB2F4D7827004C60DE /* HwatgimWatch Watch AppUITests */ = {isa = PBXFileSystemSynchronizedRootGroup; explicitFileTypes = {}; explicitFolders = (); path = "HwatgimWatch Watch AppUITests"; sourceTree = "<group>"; };
/* End PBXFileSystemSynchronizedRootGroup section */

/* Begin PBXFrameworksBuildPhase section */
		A14E0DBF2F4D7825004C60DE /* Frameworks */ = {
			isa = PBXFrameworksBuildPhase;
			buildActionMask = 2147483647;
			files = (
			);
			runOnlyForDeploymentPostprocessing = 0;
		};
		A14E0DCB2F4D7827004C60DE /* Frameworks */ = {
			isa = PBXFrameworksBuildPhase;
			buildActionMask = 2147483647;
			files = (
			);
			runOnlyForDeploymentPostprocessing = 0;
		};
		A14E0DD52F4D7827004C60DE /* Frameworks */ = {
			isa = PBXFrameworksBuildPhase;
			buildActionMask = 2147483647;
			files = (
			);
			runOnlyForDeploymentPostprocessing = 0;
		};
		A3000001 /* Frameworks */ = {
			isa = PBXFrameworksBuildPhase;
			buildActionMask = 2147483647;
			files = (
			);
			runOnlyForDeploymentPostprocessing = 0;
		};
		B3000002 /* Frameworks */ = {
			isa = PBXFrameworksBuildPhase;
			buildActionMask = 2147483647;
			files = (
				B1000002 /* SwiftUI.framework in Frameworks */,
				B1000001 /* WidgetKit.framework in Frameworks */,
			);
			runOnlyForDeploymentPostprocessing = 0;
		};
/* End PBXFrameworksBuildPhase section */

/* Begin PBXGroup section */
		A4000001 = {
			isa = PBXGroup;
			children = (
				A4000002 /* Hwatgim */,
				B4000002 /* HwatgimWidget */,
				A14E0DC32F4D7825004C60DE /* HwatgimWatch Watch App */,
				A14E0DD12F4D7827004C60DE /* HwatgimWatch Watch AppTests */,
				A14E0DDB2F4D7827004C60DE /* HwatgimWatch Watch AppUITests */,
				B4000003 /* Frameworks */,
				A4000004 /* Products */,
			);
			sourceTree = "<group>";
		};
		A4000002 /* Hwatgim */ = {
			isa = PBXGroup;
			children = (
				A2000001 /* HwatgimApp.swift */,
				A2000002 /* ContentView.swift */,
				A2000003 /* Item.swift */,
				A2000006 /* BreathingView.swift */,
				A2000007 /* LogView.swift */,
				A200000E /* LogDetailView.swift */,
				A2000008 /* SettingsView.swift */,
				A200000B /* RecordView.swift */,
				A2000011 /* ReportView.swift */,
				A200000F /* BambooForestView.swift */,
				A200000C /* quotes.json */,
				A200000D /* QuoteService.swift */,
				C4000001 /* Models */,
				C4000002 /* Services */,
				C4000005 /* Views */,
				A4000005 /* Fonts */,
				A2000004 /* Assets.xcassets */,
				A4000003 /* Preview Content */,
			);
			path = Hwatgim;
			sourceTree = "<group>";
		};
		A4000003 /* Preview Content */ = {
			isa = PBXGroup;
			children = (
				A2000005 /* Preview Assets.xcassets */,
			);
			path = "Preview Content";
			sourceTree = "<group>";
		};
		A4000004 /* Products */ = {
			isa = PBXGroup;
			children = (
				A2000010 /* Hwatgim.app */,
				B2000005 /* HwatgimWidgetExtension.appex */,
				A14E0DC22F4D7825004C60DE /* HwatgimWatch Watch App.app */,
				A14E0DCE2F4D7827004C60DE /* HwatgimWatch Watch AppTests.xctest */,
				A14E0DD82F4D7827004C60DE /* HwatgimWatch Watch AppUITests.xctest */,
			);
			name = Products;
			sourceTree = "<group>";
		};
		A4000005 /* Fonts */ = {
			isa = PBXGroup;
			children = (
				A2000009 /* HakgyoansimDunggeunmisoOTF-B.otf */,
				A200000A /* HakgyoansimDunggeunmisoOTF-R.otf */,
			);
			path = Fonts;
			sourceTree = "<group>";
		};
		B4000002 /* HwatgimWidget */ = {
			isa = PBXGroup;
			children = (
				B2000003 /* HwatgimWidget.swift */,
				B2000004 /* HwatgimWidgetBundle.swift */,
			);
			path = HwatgimWidget;
			sourceTree = "<group>";
		};
		B4000003 /* Frameworks */ = {
			isa = PBXGroup;
			children = (
				B2000001 /* WidgetKit.framework */,
				B2000002 /* SwiftUI.framework */,
			);
			name = Frameworks;
			sourceTree = "<group>";
		};
		C4000001 /* Models */ = {
			isa = PBXGroup;
			children = (
				C2000001 /* ReportData.swift */,
			);
			path = Models;
			sourceTree = "<group>";
		};
		C4000002 /* Services */ = {
			isa = PBXGroup;
			children = (
				C4000003 /* Report */,
				C4000004 /* Paywall */,
			);
			path = Services;
			sourceTree = "<group>";
		};
		C4000003 /* Report */ = {
			isa = PBXGroup;
			children = (
				C2000002 /* EmotionAnalyzer.swift */,
				C2000003 /* SentimentAnalyzer.swift */,
				C2000004 /* EmotionTipsProvider.swift */,
				C2000005 /* ReportService.swift */,
				C2000006 /* RuleBasedReportService.swift */,
				C2000007 /* FoundationModelReportService.swift */,
			);
			path = Report;
			sourceTree = "<group>";
		};
		C4000004 /* Paywall */ = {
			isa = PBXGroup;
			children = (
				C2000008 /* PaywallGate.swift */,
			);
			path = Paywall;
			sourceTree = "<group>";
		};
		C4000005 /* Views */ = {
			isa = PBXGroup;
			children = (
				C4000006 /* Report */,
			);
			path = Views;
			sourceTree = "<group>";
		};
		C4000006 /* Report */ = {
			isa = PBXGroup;
			children = (
				C2000009 /* ReportPeriodPicker.swift */,
				C200000A /* ReportEmptyStateView.swift */,
				C200000B /* ReportLoadingView.swift */,
				C200000C /* ReportUpsellBanner.swift */,
				C200000D /* EmotionPatternCard.swift */,
				C200000E /* InsightCard.swift */,
				C200000F /* EmotionTipsCard.swift */,
			);
			path = Report;
			sourceTree = "<group>";
		};
/* End PBXGroup section */

/* Begin PBXNativeTarget section */
		A14E0DC12F4D7825004C60DE /* HwatgimWatch Watch App */ = {
			isa = PBXNativeTarget;
			buildConfigurationList = A14E0DEA2F4D7827004C60DE /* Build configuration list for PBXNativeTarget "HwatgimWatch Watch App" */;
			buildPhases = (
				A14E0DBE2F4D7825004C60DE /* Sources */,
				A14E0DBF2F4D7825004C60DE /* Frameworks */,
				A14E0DC02F4D7825004C60DE /* Resources */,
			);
			buildRules = (
			);
			dependencies = (
			);
			fileSystemSynchronizedGroups = (
				A14E0DC32F4D7825004C60DE /* HwatgimWatch Watch App */,
			);
			name = "HwatgimWatch Watch App";
			packageProductDependencies = (
			);
			productName = "HwatgimWatch Watch App";
			productReference = A14E0DC22F4D7825004C60DE /* HwatgimWatch Watch App.app */;
			productType = "com.apple.product-type.application";
		};
		A14E0DCD2F4D7827004C60DE /* HwatgimWatch Watch AppTests */ = {
			isa = PBXNativeTarget;
			buildConfigurationList = A14E0DEB2F4D7827004C60DE /* Build configuration list for PBXNativeTarget "HwatgimWatch Watch AppTests" */;
			buildPhases = (
				A14E0DCA2F4D7827004C60DE /* Sources */,
				A14E0DCB2F4D7827004C60DE /* Frameworks */,
				A14E0DCC2F4D7827004C60DE /* Resources */,
			);
			buildRules = (
			);
			dependencies = (
				A14E0DD02F4D7827004C60DE /* PBXTargetDependency */,
			);
			fileSystemSynchronizedGroups = (
				A14E0DD12F4D7827004C60DE /* HwatgimWatch Watch AppTests */,
			);
			name = "HwatgimWatch Watch AppTests";
			packageProductDependencies = (
			);
			productName = "HwatgimWatch Watch AppTests";
			productReference = A14E0DCE2F4D7827004C60DE /* HwatgimWatch Watch AppTests.xctest */;
			productType = "com.apple.product-type.bundle.unit-test";
		};
		A14E0DD72F4D7827004C60DE /* HwatgimWatch Watch AppUITests */ = {
			isa = PBXNativeTarget;
			buildConfigurationList = A14E0DEC2F4D7827004C60DE /* Build configuration list for PBXNativeTarget "HwatgimWatch Watch AppUITests" */;
			buildPhases = (
				A14E0DD42F4D7827004C60DE /* Sources */,
				A14E0DD52F4D7827004C60DE /* Frameworks */,
				A14E0DD62F4D7827004C60DE /* Resources */,
			);
			buildRules = (
			);
			dependencies = (
				A14E0DDA2F4D7827004C60DE /* PBXTargetDependency */,
			);
			fileSystemSynchronizedGroups = (
				A14E0DDB2F4D7827004C60DE /* HwatgimWatch Watch AppUITests */,
			);
			name = "HwatgimWatch Watch AppUITests";
			packageProductDependencies = (
			);
			productName = "HwatgimWatch Watch AppUITests";
			productReference = A14E0DD82F4D7827004C60DE /* HwatgimWatch Watch AppUITests.xctest */;
			productType = "com.apple.product-type.bundle.ui-testing";
		};
		A5000001 /* Hwatgim */ = {
			isa = PBXNativeTarget;
			buildConfigurationList = A7000003 /* Build configuration list for PBXNativeTarget "Hwatgim" */;
			buildPhases = (
				A6000001 /* Sources */,
				A3000001 /* Frameworks */,
				A6000002 /* Resources */,
				B4000001 /* Embed Foundation Extensions */,
				A14E0DE32F4D7827004C60DE /* Embed Watch Content */,
			);
			buildRules = (
			);
			dependencies = (
				B3000003 /* PBXTargetDependency */,
				A14E0DE12F4D7827004C60DE /* PBXTargetDependency */,
			);
			name = Hwatgim;
			productName = Hwatgim;
			productReference = A2000010 /* Hwatgim.app */;
			productType = "com.apple.product-type.application";
		};
		B5000001 /* HwatgimWidgetExtension */ = {
			isa = PBXNativeTarget;
			buildConfigurationList = B7000001 /* Build configuration list for PBXNativeTarget "HwatgimWidgetExtension" */;
			buildPhases = (
				B6000001 /* Sources */,
				B3000002 /* Frameworks */,
				B6000002 /* Resources */,
			);
			buildRules = (
			);
			dependencies = (
			);
			name = HwatgimWidgetExtension;
			productName = HwatgimWidgetExtension;
			productReference = B2000005 /* HwatgimWidgetExtension.appex */;
			productType = "com.apple.product-type.app-extension";
		};
/* End PBXNativeTarget section */

/* Begin PBXProject section */
		A8000001 /* Project object */ = {
			isa = PBXProject;
			attributes = {
				BuildIndependentTargetsInParallel = 1;
				LastSwiftUpdateCheck = 2600;
				LastUpgradeCheck = 1500;
				TargetAttributes = {
					A14E0DC12F4D7825004C60DE = {
						CreatedOnToolsVersion = 26.0.1;
					};
					A14E0DCD2F4D7827004C60DE = {
						CreatedOnToolsVersion = 26.0.1;
						TestTargetID = A14E0DC12F4D7825004C60DE;
					};
					A14E0DD72F4D7827004C60DE = {
						CreatedOnToolsVersion = 26.0.1;
						TestTargetID = A14E0DC12F4D7825004C60DE;
					};
					A5000001 = {
						CreatedOnToolsVersion = 15.0;
					};
					B5000001 = {
						CreatedOnToolsVersion = 15.0;
					};
				};
			};
			buildConfigurationList = A7000001 /* Build configuration list for PBXProject "Hwatgim" */;
			compatibilityVersion = "Xcode 14.0";
			developmentRegion = en;
			hasScannedForEncodings = 0;
			knownRegions = (
				en,
				Base,
			);
			mainGroup = A4000001;
			productRefGroup = A4000004 /* Products */;
			projectDirPath = "";
			projectRoot = "";
			targets = (
				A5000001 /* Hwatgim */,
				B5000001 /* HwatgimWidgetExtension */,
				A14E0DC12F4D7825004C60DE /* HwatgimWatch Watch App */,
				A14E0DCD2F4D7827004C60DE /* HwatgimWatch Watch AppTests */,
				A14E0DD72F4D7827004C60DE /* HwatgimWatch Watch AppUITests */,
			);
		};
/* End PBXProject section */

/* Begin PBXResourcesBuildPhase section */
		A14E0DC02F4D7825004C60DE /* Resources */ = {
			isa = PBXResourcesBuildPhase;
			buildActionMask = 2147483647;
			files = (
			);
			runOnlyForDeploymentPostprocessing = 0;
		};
		A14E0DCC2F4D7827004C60DE /* Resources */ = {
			isa = PBXResourcesBuildPhase;
			buildActionMask = 2147483647;
			files = (
			);
			runOnlyForDeploymentPostprocessing = 0;
		};
		A14E0DD62F4D7827004C60DE /* Resources */ = {
			isa = PBXResourcesBuildPhase;
			buildActionMask = 2147483647;
			files = (
			);
			runOnlyForDeploymentPostprocessing = 0;
		};
		A6000002 /* Resources */ = {
			isa = PBXResourcesBuildPhase;
			buildActionMask = 2147483647;
			files = (
				A1000005 /* Preview Assets.xcassets in Resources */,
				A1000004 /* Assets.xcassets in Resources */,
				A1000009 /* HakgyoansimDunggeunmisoOTF-B.otf in Resources */,
				A100000A /* HakgyoansimDunggeunmisoOTF-R.otf in Resources */,
				A100000C /* quotes.json in Resources */,
			);
			runOnlyForDeploymentPostprocessing = 0;
		};
		B6000002 /* Resources */ = {
			isa = PBXResourcesBuildPhase;
			buildActionMask = 2147483647;
			files = (
				B1000005 /* Assets.xcassets in Resources */,
			);
			runOnlyForDeploymentPostprocessing = 0;
		};
/* End PBXResourcesBuildPhase section */

/* Begin PBXSourcesBuildPhase section */
		A14E0DBE2F4D7825004C60DE /* Sources */ = {
			isa = PBXSourcesBuildPhase;
			buildActionMask = 2147483647;
			files = (
			);
			runOnlyForDeploymentPostprocessing = 0;
		};
		A14E0DCA2F4D7827004C60DE /* Sources */ = {
			isa = PBXSourcesBuildPhase;
			buildActionMask = 2147483647;
			files = (
			);
			runOnlyForDeploymentPostprocessing = 0;
		};
		A14E0DD42F4D7827004C60DE /* Sources */ = {
			isa = PBXSourcesBuildPhase;
			buildActionMask = 2147483647;
			files = (
			);
			runOnlyForDeploymentPostprocessing = 0;
		};
		A6000001 /* Sources */ = {
			isa = PBXSourcesBuildPhase;
			buildActionMask = 2147483647;
			files = (
				A1000002 /* ContentView.swift in Sources */,
				A1000001 /* HwatgimApp.swift in Sources */,
				A1000003 /* Item.swift in Sources */,
				A1000006 /* BreathingView.swift in Sources */,
				A1000007 /* LogView.swift in Sources */,
				A100000E /* LogDetailView.swift in Sources */,
				A1000008 /* SettingsView.swift in Sources */,
				A100000B /* RecordView.swift in Sources */,
				A100000D /* QuoteService.swift in Sources */,
				A1000010 /* ReportView.swift in Sources */,
				A100000F /* BambooForestView.swift in Sources */,
				C1000001 /* ReportData.swift in Sources */,
				C1000002 /* EmotionAnalyzer.swift in Sources */,
				C1000003 /* SentimentAnalyzer.swift in Sources */,
				C1000004 /* EmotionTipsProvider.swift in Sources */,
				C1000005 /* ReportService.swift in Sources */,
				C1000006 /* RuleBasedReportService.swift in Sources */,
				C1000007 /* FoundationModelReportService.swift in Sources */,
				C1000008 /* PaywallGate.swift in Sources */,
				C1000009 /* ReportPeriodPicker.swift in Sources */,
				C100000A /* ReportEmptyStateView.swift in Sources */,
				C100000B /* ReportLoadingView.swift in Sources */,
				C100000C /* ReportUpsellBanner.swift in Sources */,
				C100000D /* EmotionPatternCard.swift in Sources */,
				C100000E /* InsightCard.swift in Sources */,
				C100000F /* EmotionTipsCard.swift in Sources */,
			);
			runOnlyForDeploymentPostprocessing = 0;
		};
		B6000001 /* Sources */ = {
			isa = PBXSourcesBuildPhase;
			buildActionMask = 2147483647;
			files = (
				B1000003 /* HwatgimWidget.swift in Sources */,
				B1000004 /* HwatgimWidgetBundle.swift in Sources */,
			);
			runOnlyForDeploymentPostprocessing = 0;
		};
/* End PBXSourcesBuildPhase section */

/* Begin PBXTargetDependency section */
		A14E0DD02F4D7827004C60DE /* PBXTargetDependency */ = {
			isa = PBXTargetDependency;
			target = A14E0DC12F4D7825004C60DE /* HwatgimWatch Watch App */;
			targetProxy = A14E0DCF2F4D7827004C60DE /* PBXContainerItemProxy */;
		};
		A14E0DDA2F4D7827004C60DE /* PBXTargetDependency */ = {
			isa = PBXTargetDependency;
			target = A14E0DC12F4D7825004C60DE /* HwatgimWatch Watch App */;
			targetProxy = A14E0DD92F4D7827004C60DE /* PBXContainerItemProxy */;
		};
		A14E0DE12F4D7827004C60DE /* PBXTargetDependency */ = {
			isa = PBXTargetDependency;
			target = A14E0DC12F4D7825004C60DE /* HwatgimWatch Watch App */;
			targetProxy = A14E0DE02F4D7827004C60DE /* PBXContainerItemProxy */;
		};
		B3000003 /* PBXTargetDependency */ = {
			isa = PBXTargetDependency;
			target = B5000001 /* HwatgimWidgetExtension */;
			targetProxy = B3000001 /* PBXContainerItemProxy */;
		};
/* End PBXTargetDependency section */

/* Begin XCBuildConfiguration section */
		A14E0DE42F4D7827004C60DE /* Debug */ = {
			isa = XCBuildConfiguration;
			buildSettings = {
				ASSETCATALOG_COMPILER_APPICON_NAME = AppIcon;
				ASSETCATALOG_COMPILER_GLOBAL_ACCENT_COLOR_NAME = AccentColor;
				CODE_SIGN_STYLE = Automatic;
				CURRENT_PROJECT_VERSION = 1;
				DEVELOPMENT_TEAM = WC5T233HM3;
				ENABLE_PREVIEWS = YES;
				GENERATE_INFOPLIST_FILE = YES;
				INFOPLIST_KEY_CFBundleDisplayName = HwatgimWatch;
				INFOPLIST_KEY_UIAppFonts = (
					"Fonts/HakgyoansimDunggeunmisoOTF-B.otf",
					"Fonts/HakgyoansimDunggeunmisoOTF-R.otf",
				);
				INFOPLIST_KEY_UISupportedInterfaceOrientations = "UIInterfaceOrientationPortrait UIInterfaceOrientationPortraitUpsideDown";
				INFOPLIST_KEY_WKCompanionAppBundleIdentifier = com.essol2.hwatgim;
				LD_RUNPATH_SEARCH_PATHS = (
					"$(inherited)",
					"@executable_path/Frameworks",
				);
				MARKETING_VERSION = 1.0;
				PRODUCT_BUNDLE_IDENTIFIER = com.essol2.hwatgim.watchkitapp;
				PRODUCT_NAME = "$(TARGET_NAME)";
				SDKROOT = watchos;
				SKIP_INSTALL = YES;
				STRING_CATALOG_GENERATE_SYMBOLS = YES;
				SWIFT_APPROACHABLE_CONCURRENCY = YES;
				SWIFT_DEFAULT_ACTOR_ISOLATION = MainActor;
				SWIFT_EMIT_LOC_STRINGS = YES;
				SWIFT_UPCOMING_FEATURE_MEMBER_IMPORT_VISIBILITY = YES;
				SWIFT_VERSION = 5.0;
				TARGETED_DEVICE_FAMILY = 4;
				WATCHOS_DEPLOYMENT_TARGET = 26.0;
			};
			name = Debug;
		};
		A14E0DE52F4D7827004C60DE /* Release */ = {
			isa = XCBuildConfiguration;
			buildSettings = {
				ASSETCATALOG_COMPILER_APPICON_NAME = AppIcon;
				ASSETCATALOG_COMPILER_GLOBAL_ACCENT_COLOR_NAME = AccentColor;
				CODE_SIGN_STYLE = Automatic;
				CURRENT_PROJECT_VERSION = 1;
				DEVELOPMENT_TEAM = WC5T233HM3;
				ENABLE_PREVIEWS = YES;
				GENERATE_INFOPLIST_FILE = YES;
				INFOPLIST_KEY_CFBundleDisplayName = HwatgimWatch;
				INFOPLIST_KEY_UIAppFonts = (
					"Fonts/HakgyoansimDunggeunmisoOTF-B.otf",
					"Fonts/HakgyoansimDunggeunmisoOTF-R.otf",
				);
				INFOPLIST_KEY_UISupportedInterfaceOrientations = "UIInterfaceOrientationPortrait UIInterfaceOrientationPortraitUpsideDown";
				INFOPLIST_KEY_WKCompanionAppBundleIdentifier = com.essol2.hwatgim;
				LD_RUNPATH_SEARCH_PATHS = (
					"$(inherited)",
					"@executable_path/Frameworks",
				);
				MARKETING_VERSION = 1.0;
				PRODUCT_BUNDLE_IDENTIFIER = com.essol2.hwatgim.watchkitapp;
				PRODUCT_NAME = "$(TARGET_NAME)";
				SDKROOT = watchos;
				SKIP_INSTALL = YES;
				STRING_CATALOG_GENERATE_SYMBOLS = YES;
				SWIFT_APPROACHABLE_CONCURRENCY = YES;
				SWIFT_DEFAULT_ACTOR_ISOLATION = MainActor;
				SWIFT_EMIT_LOC_STRINGS = YES;
				SWIFT_UPCOMING_FEATURE_MEMBER_IMPORT_VISIBILITY = YES;
				SWIFT_VERSION = 5.0;
				TARGETED_DEVICE_FAMILY = 4;
				WATCHOS_DEPLOYMENT_TARGET = 26.0;
			};
			name = Release;
		};
		A14E0DE62F4D7827004C60DE /* Debug */ = {
			isa = XCBuildConfiguration;
			buildSettings = {
				BUNDLE_LOADER = "$(TEST_HOST)";
				CODE_SIGN_STYLE = Automatic;
				CURRENT_PROJECT_VERSION = 1;
				DEVELOPMENT_TEAM = WC5T233HM3;
				GENERATE_INFOPLIST_FILE = YES;
				MARKETING_VERSION = 1.0;
				PRODUCT_BUNDLE_IDENTIFIER = "com.essol2.hwatgim.HwatgimWatch-Watch-AppTests";
				PRODUCT_NAME = "$(TARGET_NAME)";
				SDKROOT = watchos;
				STRING_CATALOG_GENERATE_SYMBOLS = NO;
				SWIFT_APPROACHABLE_CONCURRENCY = YES;
				SWIFT_EMIT_LOC_STRINGS = NO;
				SWIFT_UPCOMING_FEATURE_MEMBER_IMPORT_VISIBILITY = YES;
				SWIFT_VERSION = 5.0;
				TARGETED_DEVICE_FAMILY = 4;
				TEST_HOST = "$(BUILT_PRODUCTS_DIR)/HwatgimWatch Watch App.app/$(BUNDLE_EXECUTABLE_FOLDER_PATH)/HwatgimWatch Watch App";
				WATCHOS_DEPLOYMENT_TARGET = 26.0;
			};
			name = Debug;
		};
		A14E0DE72F4D7827004C60DE /* Release */ = {
			isa = XCBuildConfiguration;
			buildSettings = {
				BUNDLE_LOADER = "$(TEST_HOST)";
				CODE_SIGN_STYLE = Automatic;
				CURRENT_PROJECT_VERSION = 1;
				DEVELOPMENT_TEAM = WC5T233HM3;
				GENERATE_INFOPLIST_FILE = YES;
				MARKETING_VERSION = 1.0;
				PRODUCT_BUNDLE_IDENTIFIER = "com.essol2.hwatgim.HwatgimWatch-Watch-AppTests";
				PRODUCT_NAME = "$(TARGET_NAME)";
				SDKROOT = watchos;
				STRING_CATALOG_GENERATE_SYMBOLS = NO;
				SWIFT_APPROACHABLE_CONCURRENCY = YES;
				SWIFT_EMIT_LOC_STRINGS = NO;
				SWIFT_UPCOMING_FEATURE_MEMBER_IMPORT_VISIBILITY = YES;
				SWIFT_VERSION = 5.0;
				TARGETED_DEVICE_FAMILY = 4;
				TEST_HOST = "$(BUILT_PRODUCTS_DIR)/HwatgimWatch Watch App.app/$(BUNDLE_EXECUTABLE_FOLDER_PATH)/HwatgimWatch Watch App";
				WATCHOS_DEPLOYMENT_TARGET = 26.0;
			};
			name = Release;
		};
		A14E0DE82F4D7827004C60DE /* Debug */ = {
			isa = XCBuildConfiguration;
			buildSettings = {
				CODE_SIGN_STYLE = Automatic;
				CURRENT_PROJECT_VERSION = 1;
				DEVELOPMENT_TEAM = WC5T233HM3;
				GENERATE_INFOPLIST_FILE = YES;
				MARKETING_VERSION = 1.0;
				PRODUCT_BUNDLE_IDENTIFIER = "com.essol2.hwatgim.HwatgimWatch-Watch-AppUITests";
				PRODUCT_NAME = "$(TARGET_NAME)";
				SDKROOT = watchos;
				STRING_CATALOG_GENERATE_SYMBOLS = NO;
				SWIFT_APPROACHABLE_CONCURRENCY = YES;
				SWIFT_EMIT_LOC_STRINGS = NO;
				SWIFT_UPCOMING_FEATURE_MEMBER_IMPORT_VISIBILITY = YES;
				SWIFT_VERSION = 5.0;
				TARGETED_DEVICE_FAMILY = 4;
				TEST_TARGET_NAME = "HwatgimWatch Watch App";
				WATCHOS_DEPLOYMENT_TARGET = 26.0;
			};
			name = Debug;
		};
		A14E0DE92F4D7827004C60DE /* Release */ = {
			isa = XCBuildConfiguration;
			buildSettings = {
				CODE_SIGN_STYLE = Automatic;
				CURRENT_PROJECT_VERSION = 1;
				DEVELOPMENT_TEAM = WC5T233HM3;
				GENERATE_INFOPLIST_FILE = YES;
				MARKETING_VERSION = 1.0;
				PRODUCT_BUNDLE_IDENTIFIER = "com.essol2.hwatgim.HwatgimWatch-Watch-AppUITests";
				PRODUCT_NAME = "$(TARGET_NAME)";
				SDKROOT = watchos;
				STRING_CATALOG_GENERATE_SYMBOLS = NO;
				SWIFT_APPROACHABLE_CONCURRENCY = YES;
				SWIFT_EMIT_LOC_STRINGS = NO;
				SWIFT_UPCOMING_FEATURE_MEMBER_IMPORT_VISIBILITY = YES;
				SWIFT_VERSION = 5.0;
				TARGETED_DEVICE_FAMILY = 4;
				TEST_TARGET_NAME = "HwatgimWatch Watch App";
				WATCHOS_DEPLOYMENT_TARGET = 26.0;
			};
			name = Release;
		};
		A9000001 /* Debug */ = {
			isa = XCBuildConfiguration;
			buildSettings = {
				ALWAYS_SEARCH_USER_PATHS = NO;
				ASSETCATALOG_COMPILER_GENERATE_SWIFT_ASSET_SYMBOL_EXTENSIONS = YES;
				CLANG_ANALYZER_NONNULL = YES;
				CLANG_ANALYZER_NUMBER_OBJECT_CONVERSION = YES_AGGRESSIVE;
				CLANG_CXX_LANGUAGE_STANDARD = "gnu++20";
				CLANG_ENABLE_MODULES = YES;
				CLANG_ENABLE_OBJC_ARC = YES;
				CLANG_ENABLE_OBJC_WEAK = YES;
				CLANG_WARN_BLOCK_CAPTURE_AUTORELEASING = YES;
				CLANG_WARN_BOOL_CONVERSION = YES;
				CLANG_WARN_COMMA = YES;
				CLANG_WARN_CONSTANT_CONVERSION = YES;
				CLANG_WARN_DEPRECATED_OBJC_IMPLEMENTATIONS = YES;
				CLANG_WARN_DIRECT_OBJC_ISA_USAGE = YES_ERROR;
				CLANG_WARN_DOCUMENTATION_COMMENTS = YES;
				CLANG_WARN_EMPTY_BODY = YES;
				CLANG_WARN_ENUM_CONVERSION = YES;
				CLANG_WARN_INFINITE_RECURSION = YES;
				CLANG_WARN_INT_CONVERSION = YES;
				CLANG_WARN_NON_LITERAL_NULL_CONVERSION = YES;
				CLANG_WARN_OBJC_IMPLICIT_RETAIN_SELF = YES;
				CLANG_WARN_OBJC_LITERAL_CONVERSION = YES;
				CLANG_WARN_OBJC_ROOT_CLASS = YES_ERROR;
				CLANG_WARN_QUOTED_INCLUDE_IN_FRAMEWORK_HEADER = YES;
				CLANG_WARN_RANGE_LOOP_ANALYSIS = YES;
				CLANG_WARN_STRICT_PROTOTYPES = YES;
				CLANG_WARN_SUSPICIOUS_MOVE = YES;
				CLANG_WARN_UNGUARDED_AVAILABILITY = YES_AGGRESSIVE;
				CLANG_WARN_UNREACHABLE_CODE = YES;
				CLANG_WARN__DUPLICATE_METHOD_MATCH = YES;
				COPY_PHASE_STRIP = NO;
				DEBUG_INFORMATION_FORMAT = dwarf;
				ENABLE_STRICT_OBJC_MSGSEND = YES;
				ENABLE_TESTABILITY = YES;
				ENABLE_USER_SCRIPT_SANDBOXING = YES;
				GCC_C_LANGUAGE_STANDARD = gnu17;
				GCC_DYNAMIC_NO_PIC = NO;
				GCC_NO_COMMON_BLOCKS = YES;
				GCC_OPTIMIZATION_LEVEL = 0;
				GCC_PREPROCESSOR_DEFINITIONS = (
					"DEBUG=1",
					"$(inherited)",
				);
				GCC_WARN_64_TO_32_BIT_CONVERSION = YES;
				GCC_WARN_ABOUT_RETURN_TYPE = YES_ERROR;
				GCC_WARN_UNDECLARED_SELECTOR = YES;
				GCC_WARN_UNINITIALIZED_AUTOS = YES_AGGRESSIVE;
				GCC_WARN_UNUSED_FUNCTION = YES;
				GCC_WARN_UNUSED_VARIABLE = YES;
				IPHONEOS_DEPLOYMENT_TARGET = 17.0;
				LOCALIZATION_PREFERS_STRING_CATALOGS = YES;
				MTL_ENABLE_DEBUG_INFO = INCLUDE_SOURCE;
				MTL_FAST_MATH = YES;
				ONLY_ACTIVE_ARCH = YES;
				SDKROOT = iphoneos;
				SWIFT_ACTIVE_COMPILATION_CONDITIONS = "DEBUG $(inherited)";
				SWIFT_OPTIMIZATION_LEVEL = "-Onone";
			};
			name = Debug;
		};
		A9000002 /* Release */ = {
			isa = XCBuildConfiguration;
			buildSettings = {
				ALWAYS_SEARCH_USER_PATHS = NO;
				ASSETCATALOG_COMPILER_GENERATE_SWIFT_ASSET_SYMBOL_EXTENSIONS = YES;
				CLANG_ANALYZER_NONNULL = YES;
				CLANG_ANALYZER_NUMBER_OBJECT_CONVERSION = YES_AGGRESSIVE;
				CLANG_CXX_LANGUAGE_STANDARD = "gnu++20";
				CLANG_ENABLE_MODULES = YES;
				CLANG_ENABLE_OBJC_ARC = YES;
				CLANG_ENABLE_OBJC_WEAK = YES;
				CLANG_WARN_BLOCK_CAPTURE_AUTORELEASING = YES;
				CLANG_WARN_BOOL_CONVERSION = YES;
				CLANG_WARN_COMMA = YES;
				CLANG_WARN_CONSTANT_CONVERSION = YES;
				CLANG_WARN_DEPRECATED_OBJC_IMPLEMENTATIONS = YES;
				CLANG_WARN_DIRECT_OBJC_ISA_USAGE = YES_ERROR;
				CLANG_WARN_DOCUMENTATION_COMMENTS = YES;
				CLANG_WARN_EMPTY_BODY = YES;
				CLANG_WARN_ENUM_CONVERSION = YES;
				CLANG_WARN_INFINITE_RECURSION = YES;
				CLANG_WARN_INT_CONVERSION = YES;
				CLANG_WARN_NON_LITERAL_NULL_CONVERSION = YES;
				CLANG_WARN_OBJC_IMPLICIT_RETAIN_SELF = YES;
				CLANG_WARN_OBJC_LITERAL_CONVERSION = YES;
				CLANG_WARN_OBJC_ROOT_CLASS = YES_ERROR;
				CLANG_WARN_QUOTED_INCLUDE_IN_FRAMEWORK_HEADER = YES;
				CLANG_WARN_RANGE_LOOP_ANALYSIS = YES;
				CLANG_WARN_STRICT_PROTOTYPES = YES;
				CLANG_WARN_SUSPICIOUS_MOVE = YES;
				CLANG_WARN_UNGUARDED_AVAILABILITY = YES_AGGRESSIVE;
				CLANG_WARN_UNREACHABLE_CODE = YES;
				CLANG_WARN__DUPLICATE_METHOD_MATCH = YES;
				COPY_PHASE_STRIP = NO;
				DEBUG_INFORMATION_FORMAT = "dwarf-with-dsym";
				ENABLE_NS_ASSERTIONS = NO;
				ENABLE_STRICT_OBJC_MSGSEND = YES;
				ENABLE_USER_SCRIPT_SANDBOXING = YES;
				GCC_C_LANGUAGE_STANDARD = gnu17;
				GCC_NO_COMMON_BLOCKS = YES;
				GCC_WARN_64_TO_32_BIT_CONVERSION = YES;
				GCC_WARN_ABOUT_RETURN_TYPE = YES_ERROR;
				GCC_WARN_UNDECLARED_SELECTOR = YES;
				GCC_WARN_UNINITIALIZED_AUTOS = YES_AGGRESSIVE;
				GCC_WARN_UNUSED_FUNCTION = YES;
				GCC_WARN_UNUSED_VARIABLE = YES;
				IPHONEOS_DEPLOYMENT_TARGET = 17.0;
				LOCALIZATION_PREFERS_STRING_CATALOGS = YES;
				MTL_ENABLE_DEBUG_INFO = NO;
				MTL_FAST_MATH = YES;
				SDKROOT = iphoneos;
				SWIFT_COMPILATION_MODE = wholemodule;
				VALIDATE_PRODUCT = YES;
			};
			name = Release;
		};
		A9000003 /* Debug */ = {
			isa = XCBuildConfiguration;
			buildSettings = {
				ALWAYS_EMBED_SWIFT_STANDARD_LIBRARIES = YES;
				ASSETCATALOG_COMPILER_APPICON_NAME = AppIcon;
				ASSETCATALOG_COMPILER_GLOBAL_ACCENT_COLOR_NAME = AccentColor;
				CODE_SIGN_STYLE = Automatic;
				CURRENT_PROJECT_VERSION = 1;
				DEVELOPMENT_ASSET_PATHS = "\"Hwatgim/Preview Content\"";
				DEVELOPMENT_TEAM = WC5T233HM3;
				ENABLE_PREVIEWS = YES;
				GENERATE_INFOPLIST_FILE = YES;
				INFOPLIST_FILE = Hwatgim/Info.plist;
				INFOPLIST_KEY_CFBundleDisplayName = "홧김";
				INFOPLIST_KEY_UIApplicationSceneManifest_Generation = YES;
				INFOPLIST_KEY_UIApplicationSupportsIndirectInputEvents = YES;
				INFOPLIST_KEY_UILaunchScreen_Generation = YES;
				INFOPLIST_KEY_UISupportedInterfaceOrientations_iPad = "UIInterfaceOrientationPortrait UIInterfaceOrientationPortraitUpsideDown UIInterfaceOrientationLandscapeLeft UIInterfaceOrientationLandscapeRight";
				INFOPLIST_KEY_UISupportedInterfaceOrientations_iPhone = "UIInterfaceOrientationPortrait UIInterfaceOrientationLandscapeLeft UIInterfaceOrientationLandscapeRight";
				LD_RUNPATH_SEARCH_PATHS = (
					"$(inherited)",
					"@executable_path/Frameworks",
				);
				MARKETING_VERSION = 1.0.0;
				PRODUCT_BUNDLE_IDENTIFIER = com.essol2.hwatgim;
				PRODUCT_NAME = "$(TARGET_NAME)";
				SWIFT_EMIT_LOC_STRINGS = YES;
				SWIFT_VERSION = 5.0;
				TARGETED_DEVICE_FAMILY = "1,2";
			};
			name = Debug;
		};
		A9000004 /* Release */ = {
			isa = XCBuildConfiguration;
			buildSettings = {
				ALWAYS_EMBED_SWIFT_STANDARD_LIBRARIES = YES;
				ASSETCATALOG_COMPILER_APPICON_NAME = AppIcon;
				ASSETCATALOG_COMPILER_GLOBAL_ACCENT_COLOR_NAME = AccentColor;
				CODE_SIGN_STYLE = Automatic;
				CURRENT_PROJECT_VERSION = 1;
				DEVELOPMENT_ASSET_PATHS = "\"Hwatgim/Preview Content\"";
				DEVELOPMENT_TEAM = WC5T233HM3;
				ENABLE_PREVIEWS = YES;
				GENERATE_INFOPLIST_FILE = YES;
				INFOPLIST_FILE = Hwatgim/Info.plist;
				INFOPLIST_KEY_CFBundleDisplayName = "홧김";
				INFOPLIST_KEY_UIApplicationSceneManifest_Generation = YES;
				INFOPLIST_KEY_UIApplicationSupportsIndirectInputEvents = YES;
				INFOPLIST_KEY_UILaunchScreen_Generation = YES;
				INFOPLIST_KEY_UISupportedInterfaceOrientations_iPad = "UIInterfaceOrientationPortrait UIInterfaceOrientationPortraitUpsideDown UIInterfaceOrientationLandscapeLeft UIInterfaceOrientationLandscapeRight";
				INFOPLIST_KEY_UISupportedInterfaceOrientations_iPhone = "UIInterfaceOrientationPortrait UIInterfaceOrientationLandscapeLeft UIInterfaceOrientationLandscapeRight";
				LD_RUNPATH_SEARCH_PATHS = (
					"$(inherited)",
					"@executable_path/Frameworks",
				);
				MARKETING_VERSION = 1.0.0;
				PRODUCT_BUNDLE_IDENTIFIER = com.essol2.hwatgim;
				PRODUCT_NAME = "$(TARGET_NAME)";
				SWIFT_EMIT_LOC_STRINGS = YES;
				SWIFT_VERSION = 5.0;
				TARGETED_DEVICE_FAMILY = "1,2";
			};
			name = Release;
		};
		B9000001 /* Debug */ = {
			isa = XCBuildConfiguration;
			buildSettings = {
				ASSETCATALOG_COMPILER_GLOBAL_ACCENT_COLOR_NAME = AccentColor;
				ASSETCATALOG_COMPILER_WIDGET_BACKGROUND_COLOR_NAME = WidgetBackground;
				CODE_SIGN_STYLE = Automatic;
				CURRENT_PROJECT_VERSION = 1;
				DEVELOPMENT_TEAM = WC5T233HM3;
				GENERATE_INFOPLIST_FILE = YES;
				INFOPLIST_FILE = HwatgimWidget/Info.plist;
				INFOPLIST_KEY_CFBundleDisplayName = "홧김 SOS";
				INFOPLIST_KEY_NSHumanReadableCopyright = "";
				LD_RUNPATH_SEARCH_PATHS = (
					"$(inherited)",
					"@executable_path/Frameworks",
					"@executable_path/../../Frameworks",
				);
				MARKETING_VERSION = 1.0;
				PRODUCT_BUNDLE_IDENTIFIER = com.essol2.hwatgim.widget;
				PRODUCT_NAME = "$(TARGET_NAME)";
				SKIP_INSTALL = YES;
				SWIFT_EMIT_LOC_STRINGS = YES;
				SWIFT_VERSION = 5.0;
				TARGETED_DEVICE_FAMILY = "1,2";
			};
			name = Debug;
		};
		B9000002 /* Release */ = {
			isa = XCBuildConfiguration;
			buildSettings = {
				ASSETCATALOG_COMPILER_GLOBAL_ACCENT_COLOR_NAME = AccentColor;
				ASSETCATALOG_COMPILER_WIDGET_BACKGROUND_COLOR_NAME = WidgetBackground;
				CODE_SIGN_STYLE = Automatic;
				CURRENT_PROJECT_VERSION = 1;
				DEVELOPMENT_TEAM = WC5T233HM3;
				GENERATE_INFOPLIST_FILE = YES;
				INFOPLIST_FILE = HwatgimWidget/Info.plist;
				INFOPLIST_KEY_CFBundleDisplayName = "홧김 SOS";
				INFOPLIST_KEY_NSHumanReadableCopyright = "";
				LD_RUNPATH_SEARCH_PATHS = (
					"$(inherited)",
					"@executable_path/Frameworks",
					"@executable_path/../../Frameworks",
				);
				MARKETING_VERSION = 1.0;
				PRODUCT_BUNDLE_IDENTIFIER = com.essol2.hwatgim.widget;
				PRODUCT_NAME = "$(TARGET_NAME)";
				SKIP_INSTALL = YES;
				SWIFT_EMIT_LOC_STRINGS = YES;
				SWIFT_VERSION = 5.0;
				TARGETED_DEVICE_FAMILY = "1,2";
			};
			name = Release;
		};
/* End XCBuildConfiguration section */

/* Begin XCConfigurationList section */
		A14E0DEA2F4D7827004C60DE /* Build configuration list for PBXNativeTarget "HwatgimWatch Watch App" */ = {
			isa = XCConfigurationList;
			buildConfigurations = (
				A14E0DE42F4D7827004C60DE /* Debug */,
				A14E0DE52F4D7827004C60DE /* Release */,
			);
			defaultConfigurationIsVisible = 0;
			defaultConfigurationName = Release;
		};
		A14E0DEB2F4D7827004C60DE /* Build configuration list for PBXNativeTarget "HwatgimWatch Watch AppTests" */ = {
			isa = XCConfigurationList;
			buildConfigurations = (
				A14E0DE62F4D7827004C60DE /* Debug */,
				A14E0DE72F4D7827004C60DE /* Release */,
			);
			defaultConfigurationIsVisible = 0;
			defaultConfigurationName = Release;
		};
		A14E0DEC2F4D7827004C60DE /* Build configuration list for PBXNativeTarget "HwatgimWatch Watch AppUITests" */ = {
			isa = XCConfigurationList;
			buildConfigurations = (
				A14E0DE82F4D7827004C60DE /* Debug */,
				A14E0DE92F4D7827004C60DE /* Release */,
			);
			defaultConfigurationIsVisible = 0;
			defaultConfigurationName = Release;
		};
		A7000001 /* Build configuration list for PBXProject "Hwatgim" */ = {
			isa = XCConfigurationList;
			buildConfigurations = (
				A9000001 /* Debug */,
				A9000002 /* Release */,
			);
			defaultConfigurationIsVisible = 0;
			defaultConfigurationName = Release;
		};
		A7000003 /* Build configuration list for PBXNativeTarget "Hwatgim" */ = {
			isa = XCConfigurationList;
			buildConfigurations = (
				A9000003 /* Debug */,
				A9000004 /* Release */,
			);
			defaultConfigurationIsVisible = 0;
			defaultConfigurationName = Release;
		};
		B7000001 /* Build configuration list for PBXNativeTarget "HwatgimWidgetExtension" */ = {
			isa = XCConfigurationList;
			buildConfigurations = (
				B9000001 /* Debug */,
				B9000002 /* Release */,
			);
			defaultConfigurationIsVisible = 0;
			defaultConfigurationName = Release;
		};
/* End XCConfigurationList section */
	};
	rootObject = A8000001 /* Project object */;
}
